// !$*UTF8*$!
{
	archiveVersion = 1;
	classes = {
	};
	objectVersion = 56;
	objects = {

/* Begin PBXBuildFile section */
		543753642A26757200494032 /* PVP_CounterApp.swift in Sources */ = {isa = PBXBuildFile; fileRef = 543753632A26757200494032 /* PVP_CounterApp.swift */; };
		543753662A26757200494032 /* ContentView.swift in Sources */ = {isa = PBXBuildFile; fileRef = 543753652A26757200494032 /* ContentView.swift */; };
		543753682A26757500494032 /* Assets.xcassets in Resources */ = {isa = PBXBuildFile; fileRef = 543753672A26757500494032 /* Assets.xcassets */; };
		5437536B2A26757500494032 /* Preview Assets.xcassets in Resources */ = {isa = PBXBuildFile; fileRef = 5437536A2A26757500494032 /* Preview Assets.xcassets */; };
		5437536D2A26757500494032 /* Persistence.swift in Sources */ = {isa = PBXBuildFile; fileRef = 5437536C2A26757500494032 /* Persistence.swift */; };
		543753702A26757500494032 /* PVP_Counter.xcdatamodeld in Sources */ = {isa = PBXBuildFile; fileRef = 5437536E2A26757500494032 /* PVP_Counter.xcdatamodeld */; };
		5437537A2A26757500494032 /* PVP_CounterTests.swift in Sources */ = {isa = PBXBuildFile; fileRef = 543753792A26757500494032 /* PVP_CounterTests.swift */; };
		543753842A26757500494032 /* PVP_CounterUITests.swift in Sources */ = {isa = PBXBuildFile; fileRef = 543753832A26757500494032 /* PVP_CounterUITests.swift */; };
		543753862A26757500494032 /* PVP_CounterUITestsLaunchTests.swift in Sources */ = {isa = PBXBuildFile; fileRef = 543753852A26757500494032 /* PVP_CounterUITestsLaunchTests.swift */; };
/* End PBXBuildFile section */

/* Begin PBXContainerItemProxy section */
		543753762A26757500494032 /* PBXContainerItemProxy */ = {
			isa = PBXContainerItemProxy;
			containerPortal = 543753582A26757200494032 /* Project object */;
			proxyType = 1;
			remoteGlobalIDString = 5437535F2A26757200494032;
			remoteInfo = PVP_Counter;
		};
		543753802A26757500494032 /* PBXContainerItemProxy */ = {
			isa = PBXContainerItemProxy;
			containerPortal = 543753582A26757200494032 /* Project object */;
			proxyType = 1;
			remoteGlobalIDString = 5437535F2A26757200494032;
			remoteInfo = PVP_Counter;
		};
/* End PBXContainerItemProxy section */

/* Begin PBXFileReference section */
		543753602A26757200494032 /* PVP_Counter.app */ = {isa = PBXFileReference; explicitFileType = wrapper.application; includeInIndex = 0; path = PVP_Counter.app; sourceTree = BUILT_PRODUCTS_DIR; };
		543753632A26757200494032 /* PVP_CounterApp.swift */ = {isa = PBXFileReference; lastKnownFileType = sourcecode.swift; path = PVP_CounterApp.swift; sourceTree = "<group>"; };
		543753652A26757200494032 /* ContentView.swift */ = {isa = PBXFileReference; lastKnownFileType = sourcecode.swift; path = ContentView.swift; sourceTree = "<group>"; };
		543753672A26757500494032 /* Assets.xcassets */ = {isa = PBXFileReference; lastKnownFileType = folder.assetcatalog; path = Assets.xcassets; sourceTree = "<group>"; };
		5437536A2A26757500494032 /* Preview Assets.xcassets */ = {isa = PBXFileReference; lastKnownFileType = folder.assetcatalog; path = "Preview Assets.xcassets"; sourceTree = "<group>"; };
		5437536C2A26757500494032 /* Persistence.swift */ = {isa = PBXFileReference; lastKnownFileType = sourcecode.swift; path = Persistence.swift; sourceTree = "<group>"; };
		5437536F2A26757500494032 /* PVP_Counter.xcdatamodel */ = {isa = PBXFileReference; lastKnownFileType = wrapper.xcdatamodel; path = PVP_Counter.xcdatamodel; sourceTree = "<group>"; };
		543753752A26757500494032 /* PVP_CounterTests.xctest */ = {isa = PBXFileReference; explicitFileType = wrapper.cfbundle; includeInIndex = 0; path = PVP_CounterTests.xctest; sourceTree = BUILT_PRODUCTS_DIR; };
		543753792A26757500494032 /* PVP_CounterTests.swift */ = {isa = PBXFileReference; lastKnownFileType = sourcecode.swift; path = PVP_CounterTests.swift; sourceTree = "<group>"; };
		5437537F2A26757500494032 /* PVP_CounterUITests.xctest */ = {isa = PBXFileReference; explicitFileType = wrapper.cfbundle; includeInIndex = 0; path = PVP_CounterUITests.xctest; sourceTree = BUILT_PRODUCTS_DIR; };
		543753832A26757500494032 /* PVP_CounterUITests.swift */ = {isa = PBXFileReference; lastKnownFileType = sourcecode.swift; path = PVP_CounterUITests.swift; sourceTree = "<group>"; };
		543753852A26757500494032 /* PVP_CounterUITestsLaunchTests.swift */ = {isa = PBXFileReference; lastKnownFileType = sourcecode.swift; path = PVP_CounterUITestsLaunchTests.swift; sourceTree = "<group>"; };
/* End PBXFileReference section */

/* Begin PBXFrameworksBuildPhase section */
		5437535D2A26757200494032 /* Frameworks */ = {
			isa = PBXFrameworksBuildPhase;
			buildActionMask = 2147483647;
			files = (
			);
			runOnlyForDeploymentPostprocessing = 0;
		};
		543753722A26757500494032 /* Frameworks */ = {
			isa = PBXFrameworksBuildPhase;
			buildActionMask = 2147483647;
			files = (
			);
			runOnlyForDeploymentPostprocessing = 0;
		};
		5437537C2A26757500494032 /* Frameworks */ = {
			isa = PBXFrameworksBuildPhase;
			buildActionMask = 2147483647;
			files = (
			);
			runOnlyForDeploymentPostprocessing = 0;
		};
/* End PBXFrameworksBuildPhase section */

/* Begin PBXGroup section */
		543753572A26757200494032 = {
			isa = PBXGroup;
			children = (
				543753622A26757200494032 /* PVP_Counter */,
				543753782A26757500494032 /* PVP_CounterTests */,
				543753822A26757500494032 /* PVP_CounterUITests */,
				543753612A26757200494032 /* Products */,
			);
			sourceTree = "<group>";
		};
		543753612A26757200494032 /* Products */ = {
			isa = PBXGroup;
			children = (
				543753602A26757200494032 /* PVP_Counter.app */,
				543753752A26757500494032 /* PVP_CounterTests.xctest */,
				5437537F2A26757500494032 /* PVP_CounterUITests.xctest */,
			);
			name = Products;
			sourceTree = "<group>";
		};
		543753622A26757200494032 /* PVP_Counter */ = {
			isa = PBXGroup;
			children = (
				543753632A26757200494032 /* PVP_CounterApp.swift */,
				543753652A26757200494032 /* ContentView.swift */,
				543753672A26757500494032 /* Assets.xcassets */,
				5437536C2A26757500494032 /* Persistence.swift */,
				5437536E2A26757500494032 /* PVP_Counter.xcdatamodeld */,
				543753692A26757500494032 /* Preview Content */,
			);
			path = PVP_Counter;
			sourceTree = "<group>";
		};
		543753692A26757500494032 /* Preview Content */ = {
			isa = PBXGroup;
			children = (
				5437536A2A26757500494032 /* Preview Assets.xcassets */,
			);
			path = "Preview Content";
			sourceTree = "<group>";
		};
		543753782A26757500494032 /* PVP_CounterTests */ = {
			isa = PBXGroup;
			children = (
				543753792A26757500494032 /* PVP_CounterTests.swift */,
			);
			path = PVP_CounterTests;
			sourceTree = "<group>";
		};
		543753822A26757500494032 /* PVP_CounterUITests */ = {
			isa = PBXGroup;
			children = (
				543753832A26757500494032 /* PVP_CounterUITests.swift */,
				543753852A26757500494032 /* PVP_CounterUITestsLaunchTests.swift */,
			);
			path = PVP_CounterUITests;
			sourceTree = "<group>";
		};
/* End PBXGroup section */

/* Begin PBXNativeTarget section */
		5437535F2A26757200494032 /* PVP_Counter */ = {
			isa = PBXNativeTarget;
			buildConfigurationList = 543753892A26757500494032 /* Build configuration list for PBXNativeTarget "PVP_Counter" */;
			buildPhases = (
				5437535C2A26757200494032 /* Sources */,
				5437535D2A26757200494032 /* Frameworks */,
				5437535E2A26757200494032 /* Resources */,
			);
			buildRules = (
			);
			dependencies = (
			);
			name = PVP_Counter;
			productName = PVP_Counter;
			productReference = 543753602A26757200494032 /* PVP_Counter.app */;
			productType = "com.apple.product-type.application";
		};
		543753742A26757500494032 /* PVP_CounterTests */ = {
			isa = PBXNativeTarget;
			buildConfigurationList = 5437538C2A26757500494032 /* Build configuration list for PBXNativeTarget "PVP_CounterTests" */;
			buildPhases = (
				543753712A26757500494032 /* Sources */,
				543753722A26757500494032 /* Frameworks */,
				543753732A26757500494032 /* Resources */,
			);
			buildRules = (
			);
			dependencies = (
				543753772A26757500494032 /* PBXTargetDependency */,
			);
			name = PVP_CounterTests;
			productName = PVP_CounterTests;
			productReference = 543753752A26757500494032 /* PVP_CounterTests.xctest */;
			productType = "com.apple.product-type.bundle.unit-test";
		};
		5437537E2A26757500494032 /* PVP_CounterUITests */ = {
			isa = PBXNativeTarget;
			buildConfigurationList = 5437538F2A26757500494032 /* Build configuration list for PBXNativeTarget "PVP_CounterUITests" */;
			buildPhases = (
				5437537B2A26757500494032 /* Sources */,
				5437537C2A26757500494032 /* Frameworks */,
				5437537D2A26757500494032 /* Resources */,
			);
			buildRules = (
			);
			dependencies = (
				543753812A26757500494032 /* PBXTargetDependency */,
			);
			name = PVP_CounterUITests;
			productName = PVP_CounterUITests;
			productReference = 5437537F2A26757500494032 /* PVP_CounterUITests.xctest */;
			productType = "com.apple.product-type.bundle.ui-testing";
		};
/* End PBXNativeTarget section */

/* Begin PBXProject section */
		543753582A26757200494032 /* Project object */ = {
			isa = PBXProject;
			attributes = {
				BuildIndependentTargetsInParallel = 1;
				LastSwiftUpdateCheck = 1430;
				LastUpgradeCheck = 1430;
				TargetAttributes = {
					5437535F2A26757200494032 = {
						CreatedOnToolsVersion = 14.3;
					};
					543753742A26757500494032 = {
						CreatedOnToolsVersion = 14.3;
						TestTargetID = 5437535F2A26757200494032;
					};
					5437537E2A26757500494032 = {
						CreatedOnToolsVersion = 14.3;
						TestTargetID = 5437535F2A26757200494032;
					};
				};
			};
			buildConfigurationList = 5437535B2A26757200494032 /* Build configuration list for PBXProject "PVP_Counter" */;
			compatibilityVersion = "Xcode 14.0";
			developmentRegion = en;
			hasScannedForEncodings = 0;
			knownRegions = (
				en,
				Base,
			);
			mainGroup = 543753572A26757200494032;
			productRefGroup = 543753612A26757200494032 /* Products */;
			projectDirPath = "";
			projectRoot = "";
			targets = (
				5437535F2A26757200494032 /* PVP_Counter */,
				543753742A26757500494032 /* PVP_CounterTests */,
				5437537E2A26757500494032 /* PVP_CounterUITests */,
			);
		};
/* End PBXProject section */

/* Begin PBXResourcesBuildPhase section */
		5437535E2A26757200494032 /* Resources */ = {
			isa = PBXResourcesBuildPhase;
			buildActionMask = 2147483647;
			files = (
				5437536B2A26757500494032 /* Preview Assets.xcassets in Resources */,
				543753682A26757500494032 /* Assets.xcassets in Resources */,
			);
			runOnlyForDeploymentPostprocessing = 0;
		};
		543753732A26757500494032 /* Resources */ = {
			isa = PBXResourcesBuildPhase;
			buildActionMask = 2147483647;
			files = (
			);
			runOnlyForDeploymentPostprocessing = 0;
		};
		5437537D2A26757500494032 /* Resources */ = {
			isa = PBXResourcesBuildPhase;
			buildActionMask = 2147483647;
			files = (
			);
			runOnlyForDeploymentPostprocessing = 0;
		};
/* End PBXResourcesBuildPhase section */

/* Begin PBXSourcesBuildPhase section */
		5437535C2A26757200494032 /* Sources */ = {
			isa = PBXSourcesBuildPhase;
			buildActionMask = 2147483647;
			files = (
				5437536D2A26757500494032 /* Persistence.swift in Sources */,
				543753702A26757500494032 /* PVP_Counter.xcdatamodeld in Sources */,
				543753662A26757200494032 /* ContentView.swift in Sources */,
				543753642A26757200494032 /* PVP_CounterApp.swift in Sources */,
			);
			runOnlyForDeploymentPostprocessing = 0;
		};
		543753712A26757500494032 /* Sources */ = {
			isa = PBXSourcesBuildPhase;
			buildActionMask = 2147483647;
			files = (
				5437537A2A26757500494032 /* PVP_CounterTests.swift in Sources */,
			);
			runOnlyForDeploymentPostprocessing = 0;
		};
		5437537B2A26757500494032 /* Sources */ = {
			isa = PBXSourcesBuildPhase;
			buildActionMask = 2147483647;
			files = (
				543753862A26757500494032 /* PVP_CounterUITestsLaunchTests.swift in Sources */,
				543753842A26757500494032 /* PVP_CounterUITests.swift in Sources */,
			);
			runOnlyForDeploymentPostprocessing = 0;
		};
/* End PBXSourcesBuildPhase section */

/* Begin PBXTargetDependency section */
		543753772A26757500494032 /* PBXTargetDependency */ = {
			isa = PBXTargetDependency;
			target = 5437535F2A26757200494032 /* PVP_Counter */;
			targetProxy = 543753762A26757500494032 /* PBXContainerItemProxy */;
		};
		543753812A26757500494032 /* PBXTargetDependency */ = {
			isa = PBXTargetDependency;
			target = 5437535F2A26757200494032 /* PVP_Counter */;
			targetProxy = 543753802A26757500494032 /* PBXContainerItemProxy */;
		};
/* End PBXTargetDependency section */

/* Begin XCBuildConfiguration section */
		543753872A26757500494032 /* Debug */ = {
			isa = XCBuildConfiguration;
			buildSettings = {
				ALWAYS_SEARCH_USER_PATHS = NO;
				CLANG_ANALYZER_NONNULL = YES;
				CLANG_ANALYZER_NUMBER_OBJECT_CONVERSION = YES_AGGRESSIVE;
				CLANG_CXX_LANGUAGE_STANDARD = "gnu++20";
				CLANG_ENABLE_MODULES = YES;
				CLANG_ENABLE_OBJC_ARC = YES;
				CLANG_ENABLE_OBJC_WEAK = YES;
				CLANG_WARN_BLOCK_CAPTURE_AUTORELEASING = YES;
				CLANG_WARN_BOOL_CONVERSION = YES;
				CLANG_WARN_COMMA = YES;
				CLANG_WARN_CONSTANT_CONVERSION = YES;
				CLANG_WARN_DEPRECATED_OBJC_IMPLEMENTATIONS = YES;
				CLANG_WARN_DIRECT_OBJC_ISA_USAGE = YES_ERROR;
				CLANG_WARN_DOCUMENTATION_COMMENTS = YES;
				CLANG_WARN_EMPTY_BODY = YES;
				CLANG_WARN_ENUM_CONVERSION = YES;
				CLANG_WARN_INFINITE_RECURSION = YES;
				CLANG_WARN_INT_CONVERSION = YES;
				CLANG_WARN_NON_LITERAL_NULL_CONVERSION = YES;
				CLANG_WARN_OBJC_IMPLICIT_RETAIN_SELF = YES;
				CLANG_WARN_OBJC_LITERAL_CONVERSION = YES;
				CLANG_WARN_OBJC_ROOT_CLASS = YES_ERROR;
				CLANG_WARN_QUOTED_INCLUDE_IN_FRAMEWORK_HEADER = YES;
				CLANG_WARN_RANGE_LOOP_ANALYSIS = YES;
				CLANG_WARN_STRICT_PROTOTYPES = YES;
				CLANG_WARN_SUSPICIOUS_MOVE = YES;
				CLANG_WARN_UNGUARDED_AVAILABILITY = YES_AGGRESSIVE;
				CLANG_WARN_UNREACHABLE_CODE = YES;
				CLANG_WARN__DUPLICATE_METHOD_MATCH = YES;
				COPY_PHASE_STRIP = NO;
				DEBUG_INFORMATION_FORMAT = dwarf;
				ENABLE_STRICT_OBJC_MSGSEND = YES;
				ENABLE_TESTABILITY = YES;
				GCC_C_LANGUAGE_STANDARD = gnu11;
				GCC_DYNAMIC_NO_PIC = NO;
				GCC_NO_COMMON_BLOCKS = YES;
				GCC_OPTIMIZATION_LEVEL = 0;
				GCC_PREPROCESSOR_DEFINITIONS = (
					"DEBUG=1",
					"$(inherited)",
				);
				GCC_WARN_64_TO_32_BIT_CONVERSION = YES;
				GCC_WARN_ABOUT_RETURN_TYPE = YES_ERROR;
				GCC_WARN_UNDECLARED_SELECTOR = YES;
				GCC_WARN_UNINITIALIZED_AUTOS = YES_AGGRESSIVE;
				GCC_WARN_UNUSED_FUNCTION = YES;
				GCC_WARN_UNUSED_VARIABLE = YES;
				IPHONEOS_DEPLOYMENT_TARGET = 16.4;
				MTL_ENABLE_DEBUG_INFO = INCLUDE_SOURCE;
				MTL_FAST_MATH = YES;
				ONLY_ACTIVE_ARCH = YES;
				SDKROOT = iphoneos;
				SWIFT_ACTIVE_COMPILATION_CONDITIONS = DEBUG;
				SWIFT_OPTIMIZATION_LEVEL = "-Onone";
			};
			name = Debug;
		};
		543753882A26757500494032 /* Release */ = {
			isa = XCBuildConfiguration;
			buildSettings = {
				ALWAYS_SEARCH_USER_PATHS = NO;
				CLANG_ANALYZER_NONNULL = YES;
				CLANG_ANALYZER_NUMBER_OBJECT_CONVERSION = YES_AGGRESSIVE;
				CLANG_CXX_LANGUAGE_STANDARD = "gnu++20";
				CLANG_ENABLE_MODULES = YES;
				CLANG_ENABLE_OBJC_ARC = YES;
				CLANG_ENABLE_OBJC_WEAK = YES;
				CLANG_WARN_BLOCK_CAPTURE_AUTORELEASING = YES;
				CLANG_WARN_BOOL_CONVERSION = YES;
				CLANG_WARN_COMMA = YES;
				CLANG_WARN_CONSTANT_CONVERSION = YES;
				CLANG_WARN_DEPRECATED_OBJC_IMPLEMENTATIONS = YES;
				CLANG_WARN_DIRECT_OBJC_ISA_USAGE = YES_ERROR;
				CLANG_WARN_DOCUMENTATION_COMMENTS = YES;
				CLANG_WARN_EMPTY_BODY = YES;
				CLANG_WARN_ENUM_CONVERSION = YES;
				CLANG_WARN_INFINITE_RECURSION = YES;
				CLANG_WARN_INT_CONVERSION = YES;
				CLANG_WARN_NON_LITERAL_NULL_CONVERSION = YES;
				CLANG_WARN_OBJC_IMPLICIT_RETAIN_SELF = YES;
				CLANG_WARN_OBJC_LITERAL_CONVERSION = YES;
				CLANG_WARN_OBJC_ROOT_CLASS = YES_ERROR;
				CLANG_WARN_QUOTED_INCLUDE_IN_FRAMEWORK_HEADER = YES;
				CLANG_WARN_RANGE_LOOP_ANALYSIS = YES;
				CLANG_WARN_STRICT_PROTOTYPES = YES;
				CLANG_WARN_SUSPICIOUS_MOVE = YES;
				CLANG_WARN_UNGUARDED_AVAILABILITY = YES_AGGRESSIVE;
				CLANG_WARN_UNREACHABLE_CODE = YES;
				CLANG_WARN__DUPLICATE_METHOD_MATCH = YES;
				COPY_PHASE_STRIP = NO;
				DEBUG_INFORMATION_FORMAT = "dwarf-with-dsym";
				ENABLE_NS_ASSERTIONS = NO;
				ENABLE_STRICT_OBJC_MSGSEND = YES;
				GCC_C_LANGUAGE_STANDARD = gnu11;
				GCC_NO_COMMON_BLOCKS = YES;
				GCC_WARN_64_TO_32_BIT_CONVERSION = YES;
				GCC_WARN_ABOUT_RETURN_TYPE = YES_ERROR;
				GCC_WARN_UNDECLARED_SELECTOR = YES;
				GCC_WARN_UNINITIALIZED_AUTOS = YES_AGGRESSIVE;
				GCC_WARN_UNUSED_FUNCTION = YES;
				GCC_WARN_UNUSED_VARIABLE = YES;
				IPHONEOS_DEPLOYMENT_TARGET = 16.4;
				MTL_ENABLE_DEBUG_INFO = NO;
				MTL_FAST_MATH = YES;
				SDKROOT = iphoneos;
				SWIFT_COMPILATION_MODE = wholemodule;
				SWIFT_OPTIMIZATION_LEVEL = "-O";
				VALIDATE_PRODUCT = YES;
			};
			name = Release;
		};
		5437538A2A26757500494032 /* Debug */ = {
			isa = XCBuildConfiguration;
			buildSettings = {
				ASSETCATALOG_COMPILER_APPICON_NAME = AppIcon;
				ASSETCATALOG_COMPILER_GLOBAL_ACCENT_COLOR_NAME = AccentColor;
				CODE_SIGN_STYLE = Automatic;
				CURRENT_PROJECT_VERSION = 1;
				DEVELOPMENT_ASSET_PATHS = "\"PVP_Counter/Preview Content\"";
				DEVELOPMENT_TEAM = 6J4BMY9PNR;
				ENABLE_PREVIEWS = YES;
				GENERATE_INFOPLIST_FILE = YES;
				INFOPLIST_KEY_UIApplicationSceneManifest_Generation = YES;
				INFOPLIST_KEY_UIApplicationSupportsIndirectInputEvents = YES;
				INFOPLIST_KEY_UILaunchScreen_Generation = YES;
				INFOPLIST_KEY_UISupportedInterfaceOrientations_iPad = "UIInterfaceOrientationPortrait UIInterfaceOrientationPortraitUpsideDown UIInterfaceOrientationLandscapeLeft UIInterfaceOrientationLandscapeRight";
				INFOPLIST_KEY_UISupportedInterfaceOrientations_iPhone = "UIInterfaceOrientationPortrait UIInterfaceOrientationLandscapeLeft UIInterfaceOrientationLandscapeRight";
				LD_RUNPATH_SEARCH_PATHS = (
					"$(inherited)",
					"@executable_path/Frameworks",
				);
				MARKETING_VERSION = 1.0;
				PRODUCT_BUNDLE_IDENTIFIER = "Rinzler.PVP-Counter";
				PRODUCT_NAME = "$(TARGET_NAME)";
				SWIFT_EMIT_LOC_STRINGS = YES;
				SWIFT_VERSION = 5.0;
				TARGETED_DEVICE_FAMILY = "1,2";
			};
			name = Debug;
		};
		5437538B2A26757500494032 /* Release */ = {
			isa = XCBuildConfiguration;
			buildSettings = {
				ASSETCATALOG_COMPILER_APPICON_NAME = AppIcon;
				ASSETCATALOG_COMPILER_GLOBAL_ACCENT_COLOR_NAME = AccentColor;
				CODE_SIGN_STYLE = Automatic;
				CURRENT_PROJECT_VERSION = 1;
				DEVELOPMENT_ASSET_PATHS = "\"PVP_Counter/Preview Content\"";
				DEVELOPMENT_TEAM = 6J4BMY9PNR;
				ENABLE_PREVIEWS = YES;
				GENERATE_INFOPLIST_FILE = YES;
				INFOPLIST_KEY_UIApplicationSceneManifest_Generation = YES;
				INFOPLIST_KEY_UIApplicationSupportsIndirectInputEvents = YES;
				INFOPLIST_KEY_UILaunchScreen_Generation = YES;
				INFOPLIST_KEY_UISupportedInterfaceOrientations_iPad = "UIInterfaceOrientationPortrait UIInterfaceOrientationPortraitUpsideDown UIInterfaceOrientationLandscapeLeft UIInterfaceOrientationLandscapeRight";
				INFOPLIST_KEY_UISupportedInterfaceOrientations_iPhone = "UIInterfaceOrientationPortrait UIInterfaceOrientationLandscapeLeft UIInterfaceOrientationLandscapeRight";
				LD_RUNPATH_SEARCH_PATHS = (
					"$(inherited)",
					"@executable_path/Frameworks",
				);
				MARKETING_VERSION = 1.0;
				PRODUCT_BUNDLE_IDENTIFIER = "Rinzler.PVP-Counter";
				PRODUCT_NAME = "$(TARGET_NAME)";
				SWIFT_EMIT_LOC_STRINGS = YES;
				SWIFT_VERSION = 5.0;
				TARGETED_DEVICE_FAMILY = "1,2";
			};
			name = Release;
		};
		5437538D2A26757500494032 /* Debug */ = {
			isa = XCBuildConfiguration;
			buildSettings = {
				ALWAYS_EMBED_SWIFT_STANDARD_LIBRARIES = YES;
				BUNDLE_LOADER = "$(TEST_HOST)";
				CODE_SIGN_STYLE = Automatic;
				CURRENT_PROJECT_VERSION = 1;
				DEVELOPMENT_TEAM = 6J4BMY9PNR;
				GENERATE_INFOPLIST_FILE = YES;
				IPHONEOS_DEPLOYMENT_TARGET = 16.4;
				MARKETING_VERSION = 1.0;
				PRODUCT_BUNDLE_IDENTIFIER = "Rinzler.PVP-CounterTests";
				PRODUCT_NAME = "$(TARGET_NAME)";
				SWIFT_EMIT_LOC_STRINGS = NO;
				SWIFT_VERSION = 5.0;
				TARGETED_DEVICE_FAMILY = "1,2";
				TEST_HOST = "$(BUILT_PRODUCTS_DIR)/PVP_Counter.app/$(BUNDLE_EXECUTABLE_FOLDER_PATH)/PVP_Counter";
			};
			name = Debug;
		};
		5437538E2A26757500494032 /* Release */ = {
			isa = XCBuildConfiguration;
			buildSettings = {
				ALWAYS_EMBED_SWIFT_STANDARD_LIBRARIES = YES;
				BUNDLE_LOADER = "$(TEST_HOST)";
				CODE_SIGN_STYLE = Automatic;
				CURRENT_PROJECT_VERSION = 1;
				DEVELOPMENT_TEAM = 6J4BMY9PNR;
				GENERATE_INFOPLIST_FILE = YES;
				IPHONEOS_DEPLOYMENT_TARGET = 16.4;
				MARKETING_VERSION = 1.0;
				PRODUCT_BUNDLE_IDENTIFIER = "Rinzler.PVP-CounterTests";
				PRODUCT_NAME = "$(TARGET_NAME)";
				SWIFT_EMIT_LOC_STRINGS = NO;
				SWIFT_VERSION = 5.0;
				TARGETED_DEVICE_FAMILY = "1,2";
				TEST_HOST = "$(BUILT_PRODUCTS_DIR)/PVP_Counter.app/$(BUNDLE_EXECUTABLE_FOLDER_PATH)/PVP_Counter";
			};
			name = Release;
		};
		543753902A26757500494032 /* Debug */ = {
			isa = XCBuildConfiguration;
			buildSettings = {
				ALWAYS_EMBED_SWIFT_STANDARD_LIBRARIES = YES;
				CODE_SIGN_STYLE = Automatic;
				CURRENT_PROJECT_VERSION = 1;
				DEVELOPMENT_TEAM = 6J4BMY9PNR;
				GENERATE_INFOPLIST_FILE = YES;
				MARKETING_VERSION = 1.0;
				PRODUCT_BUNDLE_IDENTIFIER = "Rinzler.PVP-CounterUITests";
				PRODUCT_NAME = "$(TARGET_NAME)";
				SWIFT_EMIT_LOC_STRINGS = NO;
				SWIFT_VERSION = 5.0;
				TARGETED_DEVICE_FAMILY = "1,2";
				TEST_TARGET_NAME = PVP_Counter;
			};
			name = Debug;
		};
		543753912A26757500494032 /* Release */ = {
			isa = XCBuildConfiguration;
			buildSettings = {
				ALWAYS_EMBED_SWIFT_STANDARD_LIBRARIES = YES;
				CODE_SIGN_STYLE = Automatic;
				CURRENT_PROJECT_VERSION = 1;
				DEVELOPMENT_TEAM = 6J4BMY9PNR;
				GENERATE_INFOPLIST_FILE = YES;
				MARKETING_VERSION = 1.0;
				PRODUCT_BUNDLE_IDENTIFIER = "Rinzler.PVP-CounterUITests";
				PRODUCT_NAME = "$(TARGET_NAME)";
				SWIFT_EMIT_LOC_STRINGS = NO;
				SWIFT_VERSION = 5.0;
				TARGETED_DEVICE_FAMILY = "1,2";
				TEST_TARGET_NAME = PVP_Counter;
			};
			name = Release;
		};
/* End XCBuildConfiguration section */

/* Begin XCConfigurationList section */
		5437535B2A26757200494032 /* Build configuration list for PBXProject "PVP_Counter" */ = {
			isa = XCConfigurationList;
			buildConfigurations = (
				543753872A26757500494032 /* Debug */,
				543753882A26757500494032 /* Release */,
			);
			defaultConfigurationIsVisible = 0;
			defaultConfigurationName = Release;
		};
		543753892A26757500494032 /* Build configuration list for PBXNativeTarget "PVP_Counter" */ = {
			isa = XCConfigurationList;
			buildConfigurations = (
				5437538A2A26757500494032 /* Debug */,
				5437538B2A26757500494032 /* Release */,
			);
			defaultConfigurationIsVisible = 0;
			defaultConfigurationName = Release;
		};
		5437538C2A26757500494032 /* Build configuration list for PBXNativeTarget "PVP_CounterTests" */ = {
			isa = XCConfigurationList;
			buildConfigurations = (
				5437538D2A26757500494032 /* Debug */,
				5437538E2A26757500494032 /* Release */,
			);
			defaultConfigurationIsVisible = 0;
			defaultConfigurationName = Release;
		};
		5437538F2A26757500494032 /* Build configuration list for PBXNativeTarget "PVP_CounterUITests" */ = {
			isa = XCConfigurationList;
			buildConfigurations = (
				543753902A26757500494032 /* Debug */,
				543753912A26757500494032 /* Release */,
			);
			defaultConfigurationIsVisible = 0;
			defaultConfigurationName = Release;
		};
/* End XCConfigurationList section */

/* Begin XCVersionGroup section */
		5437536E2A26757500494032 /* PVP_Counter.xcdatamodeld */ = {
			isa = XCVersionGroup;
			children = (
				5437536F2A26757500494032 /* PVP_Counter.xcdatamodel */,
			);
			currentVersion = 5437536F2A26757500494032 /* PVP_Counter.xcdatamodel */;
			path = PVP_Counter.xcdatamodeld;
			sourceTree = "<group>";
			versionGroupType = wrapper.xcdatamodel;
		};
/* End XCVersionGroup section */
	};
	rootObject = 543753582A26757200494032 /* Project object */;
}
